
Microsoft Visual Studio Solution File, Format Version 12.00
# Visual Studio Version 17
VisualStudioVersion = 17.14.36327.8
MinimumVisualStudioVersion = 10.0.40219.1
Project("{2150E333-8FDC-42A3-9474-1A3956D46DE8}") = "src", "src", "{02EA681E-C7D8-13C7-8484-4AC65E1B71E8}"
EndProject
Project("{2150E333-8FDC-42A3-9474-1A3956D46DE8}") = "Backend", "Backend", "{844ED465-6381-4751-B119-9D34B5515B97}"
EndProject
Project("{FAE04EC0-301F-11D3-BF4B-00C04F79EFBC}") = "UserManagement.Domain", "src\Backend\UserManagement.Domain\UserManagement.Domain.csproj", "{C08C894B-134B-4D30-A8E2-5C4EFD9CE442}"
EndProject
Project("{FAE04EC0-301F-11D3-BF4B-00C04F79EFBC}") = "UserManagement.Application", "src\Backend\UserManagement.Application\UserManagement.Application.csproj", "{85168FF4-9892-47D1-9870-9F3C10688728}"
EndProject
Project("{FAE04EC0-301F-11D3-BF4B-00C04F79EFBC}") = "UserManagement.Infrastructure", "src\Backend\UserManagement.Infrastructure\UserManagement.Infrastructure.csproj", "{0162B7EB-88AD-4D1F-9CD4-88B8BF99E128}"
EndProject
Project("{FAE04EC0-301F-11D3-BF4B-00C04F79EFBC}") = "UserManagement.API", "src\Backend\UserManagement.API\UserManagement.API.csproj", "{D8524FC8-D9B6-43ED-B14E-1B52967DD653}"
EndProject
Global
	GlobalSection(SolutionConfigurationPlatforms) = preSolution
		Debug|Any CPU = Debug|Any CPU
		Release|Any CPU = Release|Any CPU
	EndGlobalSection
	GlobalSection(ProjectConfigurationPlatforms) = postSolution
		{C08C894B-134B-4D30-A8E2-5C4EFD9CE442}.Debug|Any CPU.ActiveCfg = Debug|Any CPU
		{C08C894B-134B-4D30-A8E2-5C4EFD9CE442}.Debug|Any CPU.Build.0 = Debug|Any CPU
		{C08C894B-134B-4D30-A8E2-5C4EFD9CE442}.Release|Any CPU.ActiveCfg = Release|Any CPU
		{C08C894B-134B-4D30-A8E2-5C4EFD9CE442}.Release|Any CPU.Build.0 = Release|Any CPU
		{85168FF4-9892-47D1-9870-9F3C10688728}.Debug|Any CPU.ActiveCfg = Debug|Any CPU
		{85168FF4-9892-47D1-9870-9F3C10688728}.Debug|Any CPU.Build.0 = Debug|Any CPU
		{85168FF4-9892-47D1-9870-9F3C10688728}.Release|Any CPU.ActiveCfg = Release|Any CPU
		{85168FF4-9892-47D1-9870-9F3C10688728}.Release|Any CPU.Build.0 = Release|Any CPU
		{0162B7EB-88AD-4D1F-9CD4-88B8BF99E128}.Debug|Any CPU.ActiveCfg = Debug|Any CPU
		{0162B7EB-88AD-4D1F-9CD4-88B8BF99E128}.Debug|Any CPU.Build.0 = Debug|Any CPU
		{0162B7EB-88AD-4D1F-9CD4-88B8BF99E128}.Release|Any CPU.ActiveCfg = Release|Any CPU
		{0162B7EB-88AD-4D1F-9CD4-88B8BF99E128}.Release|Any CPU.Build.0 = Release|Any CPU
		{D8524FC8-D9B6-43ED-B14E-1B52967DD653}.Debug|Any CPU.ActiveCfg = Debug|Any CPU
		{D8524FC8-D9B6-43ED-B14E-1B52967DD653}.Debug|Any CPU.Build.0 = Debug|Any CPU
		{D8524FC8-D9B6-43ED-B14E-1B52967DD653}.Release|Any CPU.ActiveCfg = Release|Any CPU
		{D8524FC8-D9B6-43ED-B14E-1B52967DD653}.Release|Any CPU.Build.0 = Release|Any CPU
	EndGlobalSection
	GlobalSection(SolutionProperties) = preSolution
		HideSolutionNode = FALSE
	EndGlobalSection
	GlobalSection(NestedProjects) = preSolution
		{844ED465-6381-4751-B119-9D34B5515B97} = {02EA681E-C7D8-13C7-8484-4AC65E1B71E8}
		{C08C894B-134B-4D30-A8E2-5C4EFD9CE442} = {844ED465-6381-4751-B119-9D34B5515B97}
		{85168FF4-9892-47D1-9870-9F3C10688728} = {844ED465-6381-4751-B119-9D34B5515B97}
		{0162B7EB-88AD-4D1F-9CD4-88B8BF99E128} = {844ED465-6381-4751-B119-9D34B5515B97}
		{D8524FC8-D9B6-43ED-B14E-1B52967DD653} = {844ED465-6381-4751-B119-9D34B5515B97}
	EndGlobalSection
	GlobalSection(ExtensibilityGlobals) = postSolution
		SolutionGuid = {B036A729-9A12-4C1C-BC2D-38A6183D4315}
	EndGlobalSection
EndGlobal
